
Microsoft Visual Studio Solution File, Format Version 12.00
# Visual Studio 15
VisualStudioVersion = 15.0.34031.82
MinimumVisualStudioVersion = 10.0.40219.1
Project("{8BC9CEB8-8B4A-11D0-8D11-00A0C91BC942}") = "6.36", "6.36\6.36.vcxproj", "{18AB1F3B-E34C-4FD4-8921-59DAD0320B79}"
EndProject
Global
	GlobalSection(SolutionConfigurationPlatforms) = preSolution
		Debug|x64 = Debug|x64
		Debug|x86 = Debug|x86
		Release|x64 = Release|x64
		Release|x86 = Release|x86
	EndGlobalSection
	GlobalSection(ProjectConfigurationPlatforms) = postSolution
		{18AB1F3B-E34C-4FD4-8921-59DAD0320B79}.Debug|x64.ActiveCfg = Debug|x64
		{18AB1F3B-E34C-4FD4-8921-59DAD0320B79}.Debug|x64.Build.0 = Debug|x64
		{18AB1F3B-E34C-4FD4-8921-59DAD0320B79}.Debug|x86.ActiveCfg = Debug|Win32
		{18AB1F3B-E34C-4FD4-8921-59DAD0320B79}.Debug|x86.Build.0 = Debug|Win32
		{18AB1F3B-E34C-4FD4-8921-59DAD0320B79}.Release|x64.ActiveCfg = Release|x64
		{18AB1F3B-E34C-4FD4-8921-59DAD0320B79}.Release|x64.Build.0 = Release|x64
		{18AB1F3B-E34C-4FD4-8921-59DAD0320B79}.Release|x86.ActiveCfg = Release|Win32
		{18AB1F3B-E34C-4FD4-8921-59DAD0320B79}.Release|x86.Build.0 = Release|Win32
	EndGlobalSection
	GlobalSection(SolutionProperties) = preSolution
		HideSolutionNode = FALSE
	EndGlobalSection
	GlobalSection(ExtensibilityGlobals) = postSolution
		SolutionGuid = {B3BB7641-3784-43BF-9668-213131810676}
	EndGlobalSection
EndGlobal
